{
  "requires": true,
  "lockfileVersion": 1,
  "dependencies": {
    "react-native-sortable-listview": {
      "version": "0.2.8",
      "resolved": "https://registry.npmjs.org/react-native-sortable-listview/-/react-native-sortable-listview-0.2.8.tgz",
      "integrity": "sha512-1zEzgMHv32w4oGNEMuwHRxK8uGYQjJeufwq/2ispmRYctR1oGc0eDgg/WSPChdNlInw4cpK/fPRd6sfLPHP1Kw=="
    }
  }
}
